
Microsoft Visual Studio Solution File, Format Version 12.00
# Visual Studio 15
VisualStudioVersion = 15.0.28307.421
MinimumVisualStudioVersion = 10.0.40219.1
Project("{FAE04EC0-301F-11D3-BF4B-00C04F79EFBC}") = "webEval", "webEval\webEval.csproj", "{BDB42E55-8A9B-4DE8-B6BA-3F170E62DBE7}"
EndProject
Global
	GlobalSection(SolutionConfigurationPlatforms) = preSolution
		Debug|Any CPU = Debug|Any CPU
		Release|Any CPU = Release|Any CPU
	EndGlobalSection
	GlobalSection(ProjectConfigurationPlatforms) = postSolution
		{BDB42E55-8A9B-4DE8-B6BA-3F170E62DBE7}.Debug|Any CPU.ActiveCfg = Debug|Any CPU
		{BDB42E55-8A9B-4DE8-B6BA-3F170E62DBE7}.Debug|Any CPU.Build.0 = Debug|Any CPU
		{BDB42E55-8A9B-4DE8-B6BA-3F170E62DBE7}.Release|Any CPU.ActiveCfg = Release|Any CPU
		{BDB42E55-8A9B-4DE8-B6BA-3F170E62DBE7}.Release|Any CPU.Build.0 = Release|Any CPU
	EndGlobalSection
	GlobalSection(SolutionProperties) = preSolution
		HideSolutionNode = FALSE
	EndGlobalSection
	GlobalSection(ExtensibilityGlobals) = postSolution
		SolutionGuid = {7BBCEF35-02A6-475E-860F-3E6353203677}
	EndGlobalSection
EndGlobal
